
Microsoft Visual Studio Solution File, Format Version 12.00
# Visual Studio Version 17
VisualStudioVersion = 17.8.34511.84
MinimumVisualStudioVersion = 10.0.40219.1
Project("{FAE04EC0-301F-11D3-BF4B-00C04F79EFBC}") = "HandleData_StudentScore", "HandleData_StudentScore.csproj", "{02133A1B-FB3F-45E3-B538-F37BC77F8DB0}"
EndProject
Global
	GlobalSection(SolutionConfigurationPlatforms) = preSolution
		Debug|Any CPU = Debug|Any CPU
		Release|Any CPU = Release|Any CPU
	EndGlobalSection
	GlobalSection(ProjectConfigurationPlatforms) = postSolution
		{02133A1B-FB3F-45E3-B538-F37BC77F8DB0}.Debug|Any CPU.ActiveCfg = Debug|Any CPU
		{02133A1B-FB3F-45E3-B538-F37BC77F8DB0}.Debug|Any CPU.Build.0 = Debug|Any CPU
		{02133A1B-FB3F-45E3-B538-F37BC77F8DB0}.Release|Any CPU.ActiveCfg = Release|Any CPU
		{02133A1B-FB3F-45E3-B538-F37BC77F8DB0}.Release|Any CPU.Build.0 = Release|Any CPU
	EndGlobalSection
	GlobalSection(SolutionProperties) = preSolution
		HideSolutionNode = FALSE
	EndGlobalSection
	GlobalSection(ExtensibilityGlobals) = postSolution
		SolutionGuid = {1CA15644-D952-40E0-8009-6499F0A1148D}
	EndGlobalSection
EndGlobal
